
Microsoft Visual Studio Solution File, Format Version 12.00
# Visual Studio Version 17
VisualStudioVersion = 17.7.34202.233
MinimumVisualStudioVersion = 10.0.40219.1
Project("{FAE04EC0-301F-11D3-BF4B-00C04F79EFBC}") = "logic.systems.school.managment", "logic.systems.school.managment\logic.systems.school.managment.csproj", "{D0E8CFBB-4B01-4E61-8648-A0F6F75C5342}"
EndProject
Global
	GlobalSection(SolutionConfigurationPlatforms) = preSolution
		Debug|Any CPU = Debug|Any CPU
		Release|Any CPU = Release|Any CPU
	EndGlobalSection
	GlobalSection(ProjectConfigurationPlatforms) = postSolution
		{D0E8CFBB-4B01-4E61-8648-A0F6F75C5342}.Debug|Any CPU.ActiveCfg = Debug|Any CPU
		{D0E8CFBB-4B01-4E61-8648-A0F6F75C5342}.Debug|Any CPU.Build.0 = Debug|Any CPU
		{D0E8CFBB-4B01-4E61-8648-A0F6F75C5342}.Release|Any CPU.ActiveCfg = Release|Any CPU
		{D0E8CFBB-4B01-4E61-8648-A0F6F75C5342}.Release|Any CPU.Build.0 = Release|Any CPU
	EndGlobalSection
	GlobalSection(SolutionProperties) = preSolution
		HideSolutionNode = FALSE
	EndGlobalSection
	GlobalSection(ExtensibilityGlobals) = postSolution
		SolutionGuid = {C1243AB0-482D-4DF3-820B-B5FE950C7399}
	EndGlobalSection
EndGlobal
